
Microsoft Visual Studio Solution File, Format Version 12.00
# Visual Studio Version 16
VisualStudioVersion = 16.0.29806.167
MinimumVisualStudioVersion = 10.0.40219.1
Project("{FAE04EC0-301F-11D3-BF4B-00C04F79EFBC}") = "StreamReaderWriteOddLinesInConsole", "StreamReaderWriteOddLinesInConsole\StreamReaderWriteOddLinesInConsole.csproj", "{650E6973-3ACE-4DDF-B0DB-685BF9527823}"
EndProject
Global
	GlobalSection(SolutionConfigurationPlatforms) = preSolution
		Debug|Any CPU = Debug|Any CPU
		Release|Any CPU = Release|Any CPU
	EndGlobalSection
	GlobalSection(ProjectConfigurationPlatforms) = postSolution
		{650E6973-3ACE-4DDF-B0DB-685BF9527823}.Debug|Any CPU.ActiveCfg = Debug|Any CPU
		{650E6973-3ACE-4DDF-B0DB-685BF9527823}.Debug|Any CPU.Build.0 = Debug|Any CPU
		{650E6973-3ACE-4DDF-B0DB-685BF9527823}.Release|Any CPU.ActiveCfg = Release|Any CPU
		{650E6973-3ACE-4DDF-B0DB-685BF9527823}.Release|Any CPU.Build.0 = Release|Any CPU
	EndGlobalSection
	GlobalSection(SolutionProperties) = preSolution
		HideSolutionNode = FALSE
	EndGlobalSection
	GlobalSection(ExtensibilityGlobals) = postSolution
		SolutionGuid = {ED55A551-2925-4F29-951E-B54AFA3FB93B}
	EndGlobalSection
EndGlobal
