
Microsoft Visual Studio Solution File, Format Version 12.00
# Visual Studio Version 16
VisualStudioVersion = 16.0.29503.13
MinimumVisualStudioVersion = 10.0.40219.1
Project("{FAE04EC0-301F-11D3-BF4B-00C04F79EFBC}") = "dictionary name and age", "dictionary name and age\dictionary name and age.csproj", "{793C0AB5-0A31-4120-91DD-22AB60502B88}"
EndProject
Global
	GlobalSection(SolutionConfigurationPlatforms) = preSolution
		Debug|Any CPU = Debug|Any CPU
		Release|Any CPU = Release|Any CPU
	EndGlobalSection
	GlobalSection(ProjectConfigurationPlatforms) = postSolution
		{793C0AB5-0A31-4120-91DD-22AB60502B88}.Debug|Any CPU.ActiveCfg = Debug|Any CPU
		{793C0AB5-0A31-4120-91DD-22AB60502B88}.Debug|Any CPU.Build.0 = Debug|Any CPU
		{793C0AB5-0A31-4120-91DD-22AB60502B88}.Release|Any CPU.ActiveCfg = Release|Any CPU
		{793C0AB5-0A31-4120-91DD-22AB60502B88}.Release|Any CPU.Build.0 = Release|Any CPU
	EndGlobalSection
	GlobalSection(SolutionProperties) = preSolution
		HideSolutionNode = FALSE
	EndGlobalSection
	GlobalSection(ExtensibilityGlobals) = postSolution
		SolutionGuid = {93A4C124-B14A-4FA6-8DE8-06BE80DBF5C2}
	EndGlobalSection
EndGlobal
